
Microsoft Visual Studio Solution File, Format Version 12.00
# Visual Studio Version 16
VisualStudioVersion = 16.0.31402.337
MinimumVisualStudioVersion = 10.0.40219.1
Project("{FAE04EC0-301F-11D3-BF4B-00C04F79EFBC}") = "Furndaqaaqas", "Furndaqaaqas\Furndaqaaqas.csproj", "{A491686C-DDE4-4586-848D-1A728669E3AD}"
EndProject
Global
	GlobalSection(SolutionConfigurationPlatforms) = preSolution
		Debug|Any CPU = Debug|Any CPU
		Release|Any CPU = Release|Any CPU
	EndGlobalSection
	GlobalSection(ProjectConfigurationPlatforms) = postSolution
		{A491686C-DDE4-4586-848D-1A728669E3AD}.Debug|Any CPU.ActiveCfg = Debug|Any CPU
		{A491686C-DDE4-4586-848D-1A728669E3AD}.Debug|Any CPU.Build.0 = Debug|Any CPU
		{A491686C-DDE4-4586-848D-1A728669E3AD}.Release|Any CPU.ActiveCfg = Release|Any CPU
		{A491686C-DDE4-4586-848D-1A728669E3AD}.Release|Any CPU.Build.0 = Release|Any CPU
	EndGlobalSection
	GlobalSection(SolutionProperties) = preSolution
		HideSolutionNode = FALSE
	EndGlobalSection
	GlobalSection(ExtensibilityGlobals) = postSolution
		SolutionGuid = {CAA25C8A-EC61-4D2A-AE8A-34FE749710EC}
	EndGlobalSection
EndGlobal
